<?xml version="1.0" encoding="UTF-8"?>
<CodeBlocks_project_file>
	<FileVersion major="1" minor="6"/>
	<Project>
		<Option title="CME"/>
		<Option makefile_is_custom="1"/>
		<Option compiler="gcc"/>
		<Option virtualFolders="CMake Files\;CMake Files\cmake\;CMake Files\cmake\Modules\;"/>
		<Build>
			<Target title="all">
				<Option working_dir="/home/davefm/coast/CoastalME/src"/>
				<Option type="4"/>
				<MakeCommands>
					<Build command="/usr/bin/gmake -j8 -f &quot;/home/davefm/coast/CoastalME/src/Makefile&quot;  VERBOSE=1 all"/>
					<CompileFile command="/usr/bin/gmake -j8 -f &quot;/home/davefm/coast/CoastalME/src/Makefile&quot;  VERBOSE=1 &quot;$file&quot;"/>
					<Clean command="/usr/bin/gmake -j8 -f &quot;/home/davefm/coast/CoastalME/src/Makefile&quot;  VERBOSE=1 clean"/>
					<DistClean command="/usr/bin/gmake -j8 -f &quot;/home/davefm/coast/CoastalME/src/Makefile&quot;  VERBOSE=1 clean"/>
				</MakeCommands>
			</Target>
			<Target title="cme">
				<Option output="/home/davefm/coast/CoastalME/src/Debug/cme" prefix_auto="0" extension_auto="0"/>
				<Option working_dir="/home/davefm/coast/CoastalME/src/Debug"/>
				<Option object_output="./"/>
				<Option type="1"/>
				<Option compiler="gcc"/>
				<Compiler>
					<Add directory="/home/davefm/coast/CoastalME/src"/>
					<Add directory="/usr/include/gdal"/>
					<Add directory="/home/davefm/coast/CoastalME/src/inc"/>
					<Add directory="/usr/include/c++/12"/>
					<Add directory="/usr/include/x86_64-linux-gnu/c++/12"/>
					<Add directory="/usr/include/c++/12/backward"/>
					<Add directory="/usr/lib/gcc/x86_64-linux-gnu/12/include"/>
					<Add directory="/usr/local/include"/>
					<Add directory="/usr/include/x86_64-linux-gnu"/>
					<Add directory="/usr/include"/>
				</Compiler>
				<MakeCommands>
					<Build command="/usr/bin/gmake -j8 -f &quot;/home/davefm/coast/CoastalME/src/Makefile&quot;  VERBOSE=1 cme"/>
					<CompileFile command="/usr/bin/gmake -j8 -f &quot;/home/davefm/coast/CoastalME/src/Makefile&quot;  VERBOSE=1 &quot;$file&quot;"/>
					<Clean command="/usr/bin/gmake -j8 -f &quot;/home/davefm/coast/CoastalME/src/Makefile&quot;  VERBOSE=1 clean"/>
					<DistClean command="/usr/bin/gmake -j8 -f &quot;/home/davefm/coast/CoastalME/src/Makefile&quot;  VERBOSE=1 clean"/>
				</MakeCommands>
			</Target>
			<Target title="cme/fast">
				<Option output="/home/davefm/coast/CoastalME/src/Debug/cme" prefix_auto="0" extension_auto="0"/>
				<Option working_dir="/home/davefm/coast/CoastalME/src/Debug"/>
				<Option object_output="./"/>
				<Option type="1"/>
				<Option compiler="gcc"/>
				<Compiler>
					<Add directory="/home/davefm/coast/CoastalME/src"/>
					<Add directory="/usr/include/gdal"/>
					<Add directory="/home/davefm/coast/CoastalME/src/inc"/>
					<Add directory="/usr/include/c++/12"/>
					<Add directory="/usr/include/x86_64-linux-gnu/c++/12"/>
					<Add directory="/usr/include/c++/12/backward"/>
					<Add directory="/usr/lib/gcc/x86_64-linux-gnu/12/include"/>
					<Add directory="/usr/local/include"/>
					<Add directory="/usr/include/x86_64-linux-gnu"/>
					<Add directory="/usr/include"/>
				</Compiler>
				<MakeCommands>
					<Build command="/usr/bin/gmake -j8 -f &quot;/home/davefm/coast/CoastalME/src/Makefile&quot;  VERBOSE=1 cme/fast"/>
					<CompileFile command="/usr/bin/gmake -j8 -f &quot;/home/davefm/coast/CoastalME/src/Makefile&quot;  VERBOSE=1 &quot;$file&quot;"/>
					<Clean command="/usr/bin/gmake -j8 -f &quot;/home/davefm/coast/CoastalME/src/Makefile&quot;  VERBOSE=1 clean"/>
					<DistClean command="/usr/bin/gmake -j8 -f &quot;/home/davefm/coast/CoastalME/src/Makefile&quot;  VERBOSE=1 clean"/>
				</MakeCommands>
			</Target>
			<Target title="edit_cache">
				<Option working_dir="/home/davefm/coast/CoastalME/src"/>
				<Option type="4"/>
				<MakeCommands>
					<Build command="/usr/bin/gmake -j8 -f &quot;/home/davefm/coast/CoastalME/src/Makefile&quot;  VERBOSE=1 edit_cache"/>
					<CompileFile command="/usr/bin/gmake -j8 -f &quot;/home/davefm/coast/CoastalME/src/Makefile&quot;  VERBOSE=1 &quot;$file&quot;"/>
					<Clean command="/usr/bin/gmake -j8 -f &quot;/home/davefm/coast/CoastalME/src/Makefile&quot;  VERBOSE=1 clean"/>
					<DistClean command="/usr/bin/gmake -j8 -f &quot;/home/davefm/coast/CoastalME/src/Makefile&quot;  VERBOSE=1 clean"/>
				</MakeCommands>
			</Target>
			<Target title="rebuild_cache">
				<Option working_dir="/home/davefm/coast/CoastalME/src"/>
				<Option type="4"/>
				<MakeCommands>
					<Build command="/usr/bin/gmake -j8 -f &quot;/home/davefm/coast/CoastalME/src/Makefile&quot;  VERBOSE=1 rebuild_cache"/>
					<CompileFile command="/usr/bin/gmake -j8 -f &quot;/home/davefm/coast/CoastalME/src/Makefile&quot;  VERBOSE=1 &quot;$file&quot;"/>
					<Clean command="/usr/bin/gmake -j8 -f &quot;/home/davefm/coast/CoastalME/src/Makefile&quot;  VERBOSE=1 clean"/>
					<DistClean command="/usr/bin/gmake -j8 -f &quot;/home/davefm/coast/CoastalME/src/Makefile&quot;  VERBOSE=1 clean"/>
				</MakeCommands>
			</Target>
			<Target title="list_install_components">
				<Option working_dir="/home/davefm/coast/CoastalME/src"/>
				<Option type="4"/>
				<MakeCommands>
					<Build command="/usr/bin/gmake -j8 -f &quot;/home/davefm/coast/CoastalME/src/Makefile&quot;  VERBOSE=1 list_install_components"/>
					<CompileFile command="/usr/bin/gmake -j8 -f &quot;/home/davefm/coast/CoastalME/src/Makefile&quot;  VERBOSE=1 &quot;$file&quot;"/>
					<Clean command="/usr/bin/gmake -j8 -f &quot;/home/davefm/coast/CoastalME/src/Makefile&quot;  VERBOSE=1 clean"/>
					<DistClean command="/usr/bin/gmake -j8 -f &quot;/home/davefm/coast/CoastalME/src/Makefile&quot;  VERBOSE=1 clean"/>
				</MakeCommands>
			</Target>
			<Target title="install">
				<Option working_dir="/home/davefm/coast/CoastalME/src"/>
				<Option type="4"/>
				<MakeCommands>
					<Build command="/usr/bin/gmake -j8 -f &quot;/home/davefm/coast/CoastalME/src/Makefile&quot;  VERBOSE=1 install"/>
					<CompileFile command="/usr/bin/gmake -j8 -f &quot;/home/davefm/coast/CoastalME/src/Makefile&quot;  VERBOSE=1 &quot;$file&quot;"/>
					<Clean command="/usr/bin/gmake -j8 -f &quot;/home/davefm/coast/CoastalME/src/Makefile&quot;  VERBOSE=1 clean"/>
					<DistClean command="/usr/bin/gmake -j8 -f &quot;/home/davefm/coast/CoastalME/src/Makefile&quot;  VERBOSE=1 clean"/>
				</MakeCommands>
			</Target>
			<Target title="install/local">
				<Option working_dir="/home/davefm/coast/CoastalME/src"/>
				<Option type="4"/>
				<MakeCommands>
					<Build command="/usr/bin/gmake -j8 -f &quot;/home/davefm/coast/CoastalME/src/Makefile&quot;  VERBOSE=1 install/local"/>
					<CompileFile command="/usr/bin/gmake -j8 -f &quot;/home/davefm/coast/CoastalME/src/Makefile&quot;  VERBOSE=1 &quot;$file&quot;"/>
					<Clean command="/usr/bin/gmake -j8 -f &quot;/home/davefm/coast/CoastalME/src/Makefile&quot;  VERBOSE=1 clean"/>
					<DistClean command="/usr/bin/gmake -j8 -f &quot;/home/davefm/coast/CoastalME/src/Makefile&quot;  VERBOSE=1 clean"/>
				</MakeCommands>
			</Target>
			<Target title="install/strip">
				<Option working_dir="/home/davefm/coast/CoastalME/src"/>
				<Option type="4"/>
				<MakeCommands>
					<Build command="/usr/bin/gmake -j8 -f &quot;/home/davefm/coast/CoastalME/src/Makefile&quot;  VERBOSE=1 install/strip"/>
					<CompileFile command="/usr/bin/gmake -j8 -f &quot;/home/davefm/coast/CoastalME/src/Makefile&quot;  VERBOSE=1 &quot;$file&quot;"/>
					<Clean command="/usr/bin/gmake -j8 -f &quot;/home/davefm/coast/CoastalME/src/Makefile&quot;  VERBOSE=1 clean"/>
					<DistClean command="/usr/bin/gmake -j8 -f &quot;/home/davefm/coast/CoastalME/src/Makefile&quot;  VERBOSE=1 clean"/>
				</MakeCommands>
			</Target>
		</Build>
		<Unit filename="/home/davefm/coast/CoastalME/src/2d_point.cpp">
			<Option target="cme"/>
		</Unit>
		<Unit filename="/home/davefm/coast/CoastalME/src/2d_point.h">
			<Option target="cme"/>
		</Unit>
		<Unit filename="/home/davefm/coast/CoastalME/src/2d_shape.cpp">
			<Option target="cme"/>
		</Unit>
		<Unit filename="/home/davefm/coast/CoastalME/src/2d_shape.h">
			<Option target="cme"/>
		</Unit>
		<Unit filename="/home/davefm/coast/CoastalME/src/2di_point.cpp">
			<Option target="cme"/>
		</Unit>
		<Unit filename="/home/davefm/coast/CoastalME/src/2di_point.h">
			<Option target="cme"/>
		</Unit>
		<Unit filename="/home/davefm/coast/CoastalME/src/2di_shape.cpp">
			<Option target="cme"/>
		</Unit>
		<Unit filename="/home/davefm/coast/CoastalME/src/2di_shape.h">
			<Option target="cme"/>
		</Unit>
		<Unit filename="/home/davefm/coast/CoastalME/src/assign_landforms.cpp">
			<Option target="cme"/>
		</Unit>
		<Unit filename="/home/davefm/coast/CoastalME/src/calc_curvature.cpp">
			<Option target="cme"/>
		</Unit>
		<Unit filename="/home/davefm/coast/CoastalME/src/calc_external_forcing.cpp">
			<Option target="cme"/>
		</Unit>
		<Unit filename="/home/davefm/coast/CoastalME/src/calc_shadow_zones.cpp">
			<Option target="cme"/>
		</Unit>
		<Unit filename="/home/davefm/coast/CoastalME/src/calc_waves.cpp">
			<Option target="cme"/>
		</Unit>
		<Unit filename="/home/davefm/coast/CoastalME/src/cell.cpp">
			<Option target="cme"/>
		</Unit>
		<Unit filename="/home/davefm/coast/CoastalME/src/cell.h">
			<Option target="cme"/>
		</Unit>
		<Unit filename="/home/davefm/coast/CoastalME/src/cell_landform.cpp">
			<Option target="cme"/>
		</Unit>
		<Unit filename="/home/davefm/coast/CoastalME/src/cell_landform.h">
			<Option target="cme"/>
		</Unit>
		<Unit filename="/home/davefm/coast/CoastalME/src/cell_layer.cpp">
			<Option target="cme"/>
		</Unit>
		<Unit filename="/home/davefm/coast/CoastalME/src/cell_layer.h">
			<Option target="cme"/>
		</Unit>
		<Unit filename="/home/davefm/coast/CoastalME/src/cell_sediment.cpp">
			<Option target="cme"/>
		</Unit>
		<Unit filename="/home/davefm/coast/CoastalME/src/cell_sediment.h">
			<Option target="cme"/>
		</Unit>
		<Unit filename="/home/davefm/coast/CoastalME/src/cliff.cpp">
			<Option target="cme"/>
		</Unit>
		<Unit filename="/home/davefm/coast/CoastalME/src/cliff.h">
			<Option target="cme"/>
		</Unit>
		<Unit filename="/home/davefm/coast/CoastalME/src/cme.cpp">
			<Option target="cme"/>
		</Unit>
		<Unit filename="/home/davefm/coast/CoastalME/src/cme.h">
			<Option target="cme"/>
		</Unit>
		<Unit filename="/home/davefm/coast/CoastalME/src/coast.cpp">
			<Option target="cme"/>
		</Unit>
		<Unit filename="/home/davefm/coast/CoastalME/src/coast.h">
			<Option target="cme"/>
		</Unit>
		<Unit filename="/home/davefm/coast/CoastalME/src/coast_landform.cpp">
			<Option target="cme"/>
		</Unit>
		<Unit filename="/home/davefm/coast/CoastalME/src/coast_landform.h">
			<Option target="cme"/>
		</Unit>
		<Unit filename="/home/davefm/coast/CoastalME/src/coast_polygon.cpp">
			<Option target="cme"/>
		</Unit>
		<Unit filename="/home/davefm/coast/CoastalME/src/coast_polygon.h">
			<Option target="cme"/>
		</Unit>
		<Unit filename="/home/davefm/coast/CoastalME/src/create_polygons.cpp">
			<Option target="cme"/>
		</Unit>
		<Unit filename="/home/davefm/coast/CoastalME/src/create_profiles.cpp">
			<Option target="cme"/>
		</Unit>
		<Unit filename="/home/davefm/coast/CoastalME/src/do_beach_potential_erosion.cpp">
			<Option target="cme"/>
		</Unit>
		<Unit filename="/home/davefm/coast/CoastalME/src/do_beach_sediment_movement.cpp">
			<Option target="cme"/>
		</Unit>
		<Unit filename="/home/davefm/coast/CoastalME/src/do_beach_within_polygon.cpp">
			<Option target="cme"/>
		</Unit>
		<Unit filename="/home/davefm/coast/CoastalME/src/do_cliff_collapse.cpp">
			<Option target="cme"/>
		</Unit>
		<Unit filename="/home/davefm/coast/CoastalME/src/do_intervention.cpp">
			<Option target="cme"/>
		</Unit>
		<Unit filename="/home/davefm/coast/CoastalME/src/do_sediment_input_event.cpp">
			<Option target="cme"/>
		</Unit>
		<Unit filename="/home/davefm/coast/CoastalME/src/do_shore_platform_erosion.cpp">
			<Option target="cme"/>
		</Unit>
		<Unit filename="/home/davefm/coast/CoastalME/src/drift.cpp">
			<Option target="cme"/>
		</Unit>
		<Unit filename="/home/davefm/coast/CoastalME/src/drift.h">
			<Option target="cme"/>
		</Unit>
		<Unit filename="/home/davefm/coast/CoastalME/src/gis_raster.cpp">
			<Option target="cme"/>
		</Unit>
		<Unit filename="/home/davefm/coast/CoastalME/src/gis_utils.cpp">
			<Option target="cme"/>
		</Unit>
		<Unit filename="/home/davefm/coast/CoastalME/src/gis_vector.cpp">
			<Option target="cme"/>
		</Unit>
		<Unit filename="/home/davefm/coast/CoastalME/src/hermite_cubic.cpp">
			<Option target="cme"/>
		</Unit>
		<Unit filename="/home/davefm/coast/CoastalME/src/hermite_cubic.h">
			<Option target="cme"/>
		</Unit>
		<Unit filename="/home/davefm/coast/CoastalME/src/i_line.cpp">
			<Option target="cme"/>
		</Unit>
		<Unit filename="/home/davefm/coast/CoastalME/src/i_line.h">
			<Option target="cme"/>
		</Unit>
		<Unit filename="/home/davefm/coast/CoastalME/src/init_grid.cpp">
			<Option target="cme"/>
		</Unit>
		<Unit filename="/home/davefm/coast/CoastalME/src/interpolate.cpp">
			<Option target="cme"/>
		</Unit>
		<Unit filename="/home/davefm/coast/CoastalME/src/interpolate.h">
			<Option target="cme"/>
		</Unit>
		<Unit filename="/home/davefm/coast/CoastalME/src/intervention.cpp">
			<Option target="cme"/>
		</Unit>
		<Unit filename="/home/davefm/coast/CoastalME/src/intervention.h">
			<Option target="cme"/>
		</Unit>
		<Unit filename="/home/davefm/coast/CoastalME/src/line.cpp">
			<Option target="cme"/>
		</Unit>
		<Unit filename="/home/davefm/coast/CoastalME/src/line.h">
			<Option target="cme"/>
		</Unit>
		<Unit filename="/home/davefm/coast/CoastalME/src/linearinterp.cpp">
			<Option target="cme"/>
		</Unit>
		<Unit filename="/home/davefm/coast/CoastalME/src/linearinterp.h">
			<Option target="cme"/>
		</Unit>
		<Unit filename="/home/davefm/coast/CoastalME/src/locate_coast.cpp">
			<Option target="cme"/>
		</Unit>
		<Unit filename="/home/davefm/coast/CoastalME/src/locate_estuaries.cpp">
			<Option target="cme"/>
		</Unit>
		<Unit filename="/home/davefm/coast/CoastalME/src/multi_line.cpp">
			<Option target="cme"/>
		</Unit>
		<Unit filename="/home/davefm/coast/CoastalME/src/multi_line.h">
			<Option target="cme"/>
		</Unit>
		<Unit filename="/home/davefm/coast/CoastalME/src/profile.cpp">
			<Option target="cme"/>
		</Unit>
		<Unit filename="/home/davefm/coast/CoastalME/src/profile.h">
			<Option target="cme"/>
		</Unit>
		<Unit filename="/home/davefm/coast/CoastalME/src/random_numbers.cpp">
			<Option target="cme"/>
		</Unit>
		<Unit filename="/home/davefm/coast/CoastalME/src/raster_grid.cpp">
			<Option target="cme"/>
		</Unit>
		<Unit filename="/home/davefm/coast/CoastalME/src/raster_grid.h">
			<Option target="cme"/>
		</Unit>
		<Unit filename="/home/davefm/coast/CoastalME/src/read_input.cpp">
			<Option target="cme"/>
		</Unit>
		<Unit filename="/home/davefm/coast/CoastalME/src/sediment_input_event.cpp">
			<Option target="cme"/>
		</Unit>
		<Unit filename="/home/davefm/coast/CoastalME/src/sediment_input_event.h">
			<Option target="cme"/>
		</Unit>
		<Unit filename="/home/davefm/coast/CoastalME/src/simulation.cpp">
			<Option target="cme"/>
		</Unit>
		<Unit filename="/home/davefm/coast/CoastalME/src/simulation.h">
			<Option target="cme"/>
		</Unit>
		<Unit filename="/home/davefm/coast/CoastalME/src/smooth_line.cpp">
			<Option target="cme"/>
		</Unit>
		<Unit filename="/home/davefm/coast/CoastalME/src/update_grid.cpp">
			<Option target="cme"/>
		</Unit>
		<Unit filename="/home/davefm/coast/CoastalME/src/utils.cpp">
			<Option target="cme"/>
		</Unit>
		<Unit filename="/home/davefm/coast/CoastalME/src/utils_global.cpp">
			<Option target="cme"/>
		</Unit>
		<Unit filename="/home/davefm/coast/CoastalME/src/write_output.cpp">
			<Option target="cme"/>
		</Unit>
		<Unit filename="/home/davefm/coast/CoastalME/src/CMakeLists.txt">
			<Option virtualFolder="CMake Files\"/>
		</Unit>
		<Unit filename="/home/davefm/coast/CoastalME/src/cmake/Modules/FindCShoreLib.cmake">
			<Option virtualFolder="CMake Files\cmake\Modules\"/>
		</Unit>
	</Project>
</CodeBlocks_project_file>
